
Microsoft Visual Studio Solution File, Format Version 12.00
# Visual Studio Version 16
VisualStudioVersion = 16.0.28803.156
MinimumVisualStudioVersion = 10.0.40219.1
Project("{9A19103F-16F7-4668-BE54-9A1E7A4F7556}") = "Xyzies.Notification.Services", "Xyzies.Notification.Services\Xyzies.Notification.Services.csproj", "{D3560982-C351-4431-8545-91C260B57FCD}"
EndProject
Project("{9A19103F-16F7-4668-BE54-9A1E7A4F7556}") = "Xyzies.Notification.Data", "Xyzies.Notification.Data\Xyzies.Notification.Data.csproj", "{6EA96FE9-DEBA-488A-8562-D821602E5BDC}"
EndProject
Project("{9A19103F-16F7-4668-BE54-9A1E7A4F7556}") = "Xyzies.Notification.API", "Xyzies.Notification.API\Xyzies.Notification.API.csproj", "{884490A0-6DB6-4E98-AE8D-1A98796CB700}"
EndProject
Project("{9A19103F-16F7-4668-BE54-9A1E7A4F7556}") = "Xyzies.Notification.Tests", "Xyzies.Notification.Tests\Xyzies.Notification.Tests.csproj", "{94AF6DDC-948A-4FE4-BA18-1EC1907363A1}"
EndProject
Project("{2150E333-8FDC-42A3-9474-1A3956D46DE8}") = "Sql", "Sql", "{B5239469-3906-47FB-BFB0-6C46623FAEB0}"
	ProjectSection(SolutionItems) = preProject
		InsertEmailTemplates.sql = InsertEmailTemplates.sql
	EndProjectSection
EndProject
Global
	GlobalSection(SolutionConfigurationPlatforms) = preSolution
		Debug|Any CPU = Debug|Any CPU
		Release|Any CPU = Release|Any CPU
	EndGlobalSection
	GlobalSection(ProjectConfigurationPlatforms) = postSolution
		{D3560982-C351-4431-8545-91C260B57FCD}.Debug|Any CPU.ActiveCfg = Debug|Any CPU
		{D3560982-C351-4431-8545-91C260B57FCD}.Debug|Any CPU.Build.0 = Debug|Any CPU
		{D3560982-C351-4431-8545-91C260B57FCD}.Release|Any CPU.ActiveCfg = Release|Any CPU
		{D3560982-C351-4431-8545-91C260B57FCD}.Release|Any CPU.Build.0 = Release|Any CPU
		{6EA96FE9-DEBA-488A-8562-D821602E5BDC}.Debug|Any CPU.ActiveCfg = Debug|Any CPU
		{6EA96FE9-DEBA-488A-8562-D821602E5BDC}.Debug|Any CPU.Build.0 = Debug|Any CPU
		{6EA96FE9-DEBA-488A-8562-D821602E5BDC}.Release|Any CPU.ActiveCfg = Release|Any CPU
		{6EA96FE9-DEBA-488A-8562-D821602E5BDC}.Release|Any CPU.Build.0 = Release|Any CPU
		{884490A0-6DB6-4E98-AE8D-1A98796CB700}.Debug|Any CPU.ActiveCfg = Debug|Any CPU
		{884490A0-6DB6-4E98-AE8D-1A98796CB700}.Debug|Any CPU.Build.0 = Debug|Any CPU
		{884490A0-6DB6-4E98-AE8D-1A98796CB700}.Release|Any CPU.ActiveCfg = Release|Any CPU
		{884490A0-6DB6-4E98-AE8D-1A98796CB700}.Release|Any CPU.Build.0 = Release|Any CPU
		{94AF6DDC-948A-4FE4-BA18-1EC1907363A1}.Debug|Any CPU.ActiveCfg = Debug|Any CPU
		{94AF6DDC-948A-4FE4-BA18-1EC1907363A1}.Debug|Any CPU.Build.0 = Debug|Any CPU
		{94AF6DDC-948A-4FE4-BA18-1EC1907363A1}.Release|Any CPU.ActiveCfg = Release|Any CPU
		{94AF6DDC-948A-4FE4-BA18-1EC1907363A1}.Release|Any CPU.Build.0 = Release|Any CPU
	EndGlobalSection
	GlobalSection(SolutionProperties) = preSolution
		HideSolutionNode = FALSE
	EndGlobalSection
	GlobalSection(ExtensibilityGlobals) = postSolution
		SolutionGuid = {BE7E5717-7696-4250-B657-3C35657CE8AF}
	EndGlobalSection
EndGlobal
