
Microsoft Visual Studio Solution File, Format Version 12.00
# Visual Studio Version 16
VisualStudioVersion = 16.0.28803.156
MinimumVisualStudioVersion = 10.0.40219.1
Project("{FAE04EC0-301F-11D3-BF4B-00C04F79EFBC}") = "Xyzies.Notification.Services", "Xyzies.Notification.Services\Xyzies.Notification.Services.csproj", "{D3560982-C351-4431-8545-91C260B57FCD}"
EndProject
Project("{FAE04EC0-301F-11D3-BF4B-00C04F79EFBC}") = "Xyzies.Notification.Data", "Xyzies.Notification.Data\Xyzies.Notification.Data.csproj", "{6EA96FE9-DEBA-488A-8562-D821602E5BDC}"
EndProject
Project("{FAE04EC0-301F-11D3-BF4B-00C04F79EFBC}") = "Xyzies.Notification.API", "Xyzies.Notification.API\Xyzies.Notification.API.csproj", "{884490A0-6DB6-4E98-AE8D-1A98796CB700}"
EndProject
Global
	GlobalSection(SolutionConfigurationPlatforms) = preSolution
		Debug|Any CPU = Debug|Any CPU
		Release|Any CPU = Release|Any CPU
	EndGlobalSection
	GlobalSection(ProjectConfigurationPlatforms) = postSolution
		{D3560982-C351-4431-8545-91C260B57FCD}.Debug|Any CPU.ActiveCfg = Debug|Any CPU
		{D3560982-C351-4431-8545-91C260B57FCD}.Debug|Any CPU.Build.0 = Debug|Any CPU
		{D3560982-C351-4431-8545-91C260B57FCD}.Release|Any CPU.ActiveCfg = Release|Any CPU
		{D3560982-C351-4431-8545-91C260B57FCD}.Release|Any CPU.Build.0 = Release|Any CPU
		{6EA96FE9-DEBA-488A-8562-D821602E5BDC}.Debug|Any CPU.ActiveCfg = Debug|Any CPU
		{6EA96FE9-DEBA-488A-8562-D821602E5BDC}.Debug|Any CPU.Build.0 = Debug|Any CPU
		{6EA96FE9-DEBA-488A-8562-D821602E5BDC}.Release|Any CPU.ActiveCfg = Release|Any CPU
		{6EA96FE9-DEBA-488A-8562-D821602E5BDC}.Release|Any CPU.Build.0 = Release|Any CPU
		{884490A0-6DB6-4E98-AE8D-1A98796CB700}.Debug|Any CPU.ActiveCfg = Debug|Any CPU
		{884490A0-6DB6-4E98-AE8D-1A98796CB700}.Debug|Any CPU.Build.0 = Debug|Any CPU
		{884490A0-6DB6-4E98-AE8D-1A98796CB700}.Release|Any CPU.ActiveCfg = Release|Any CPU
		{884490A0-6DB6-4E98-AE8D-1A98796CB700}.Release|Any CPU.Build.0 = Release|Any CPU
	EndGlobalSection
	GlobalSection(SolutionProperties) = preSolution
		HideSolutionNode = FALSE
	EndGlobalSection
	GlobalSection(ExtensibilityGlobals) = postSolution
		SolutionGuid = {BE7E5717-7696-4250-B657-3C35657CE8AF}
	EndGlobalSection
EndGlobal
